
Microsoft Visual Studio Solution File, Format Version 12.00
# Visual Studio Version 17
VisualStudioVersion = 17.7.34009.444
MinimumVisualStudioVersion = 10.0.40219.1
Project("{FAE04EC0-301F-11D3-BF4B-00C04F79EFBC}") = "Core", "Core\Core.csproj", "{A66ED687-BC94-4A46-848B-9A0F4209EB79}"
EndProject
Global
	GlobalSection(SolutionConfigurationPlatforms) = preSolution
		Debug|Any CPU = Debug|Any CPU
		Release|Any CPU = Release|Any CPU
	EndGlobalSection
	GlobalSection(ProjectConfigurationPlatforms) = postSolution
		{A66ED687-BC94-4A46-848B-9A0F4209EB79}.Debug|Any CPU.ActiveCfg = Debug|Any CPU
		{A66ED687-BC94-4A46-848B-9A0F4209EB79}.Debug|Any CPU.Build.0 = Debug|Any CPU
		{A66ED687-BC94-4A46-848B-9A0F4209EB79}.Release|Any CPU.ActiveCfg = Release|Any CPU
		{A66ED687-BC94-4A46-848B-9A0F4209EB79}.Release|Any CPU.Build.0 = Release|Any CPU
	EndGlobalSection
	GlobalSection(SolutionProperties) = preSolution
		HideSolutionNode = FALSE
	EndGlobalSection
	GlobalSection(ExtensibilityGlobals) = postSolution
		SolutionGuid = {45BB1024-A7EF-4F27-9001-1944D6C4F511}
	EndGlobalSection
EndGlobal
